<Solution>
  <Folder Name="/src/">
    <Project Path="src/MyPowerTools.Abstractions/MyPowerTools.Abstractions.csproj" />
    <Project Path="src/MyPowerTools.App/MyPowerTools.App.csproj" />
    <Project Path="src/MyPowerTools.AvaloniaSdk/MyPowerTools.AvaloniaSdk.csproj" />
    <Project Path="src/MyPowerTools.Broker/MyPowerTools.Broker.csproj" />
    <Project Path="src/MyPowerTools.Cli/MyPowerTools.Cli.csproj" />
    <Project Path="src/MyPowerTools.ElevatedBroker/MyPowerTools.ElevatedBroker.csproj" />
    <Project Path="src/MyPowerTools.HostControl/MyPowerTools.HostControl.csproj" />
    <Project Path="src/MyPowerTools.HostControl.Contracts/MyPowerTools.HostControl.Contracts.csproj" />
    <Project Path="src/MyPowerTools.HostControl.Client/MyPowerTools.HostControl.Client.csproj" />
    <Project Path="src/MyPowerTools.HostControl.Server/MyPowerTools.HostControl.Server.csproj" />
    <Project Path="src/MyPowerTools.Ipc.Shared/MyPowerTools.Ipc.Shared.csproj" />
    <Project Path="src/MyPowerTools.InputRemapHost/MyPowerTools.InputRemapHost.csproj" />
    <Project Path="src/MyPowerTools.ModuleHost.GrpcIpc/MyPowerTools.ModuleHost.GrpcIpc.csproj" />
    <Project Path="src/MyPowerTools.ModuleHost.Http/MyPowerTools.ModuleHost.Http.csproj" />
    <Project Path="src/MyPowerTools.ModuleHost.InProcDotNet/MyPowerTools.ModuleHost.InProcDotNet.csproj" />
    <Project Path="src/MyPowerTools.ModuleHost.StdioCompat/MyPowerTools.ModuleHost.StdioCompat.csproj" />
    <Project Path="src/MyPowerTools.Packaging/MyPowerTools.Packaging.csproj" />
    <Project Path="src/MyPowerTools.Platform.Abstractions/MyPowerTools.Platform.Abstractions.csproj" />
    <Project Path="src/MyPowerTools.Platform.Linux/MyPowerTools.Platform.Linux.csproj" />
    <Project Path="src/MyPowerTools.Platform.Mac/MyPowerTools.Platform.Mac.csproj" />
    <Project Path="src/MyPowerTools.Platform/MyPowerTools.Platform.csproj" />
    <Project Path="src/MyPowerTools.Platform.Windows/MyPowerTools.Platform.Windows.csproj" />
    <Project Path="src/MyPowerTools.Protocol/MyPowerTools.Protocol.csproj" />
    <Project Path="src/MyPowerTools.Runner/MyPowerTools.Runner.csproj" />
    <Project Path="src/MyPowerTools.Runtime/MyPowerTools.Runtime.csproj" />
    <Project Path="src/MyPowerTools.SampleModules.DotNet/MyPowerTools.SampleModules.DotNet.csproj" />
    <Project Path="src/MyPowerTools.SampleSidecar.Grpc/MyPowerTools.SampleSidecar.Grpc.csproj" />
    <Project Path="src/MyPowerTools.ServiceManager/MyPowerTools.ServiceManager.csproj" />
    <Project Path="src/MyPowerTools.ServiceManager.Client/MyPowerTools.ServiceManager.Client.csproj" />
    <Project Path="src/MyPowerTools.ServiceManager.Server/MyPowerTools.ServiceManager.Server.csproj" />
    <Project Path="src/MyPowerTools.Shell.Avalonia/MyPowerTools.Shell.Avalonia.csproj" />
    <Project Path="src/MyPowerTools.Tests/MyPowerTools.Tests.csproj" />
    <Project Path="src/MyPowerTools.UI/MyPowerTools.UI.csproj" />
    <Project Path="src/MyPowerTools.UI.Primitives/MyPowerTools.UI.Primitives.csproj" />
    <Project Path="src/MyPowerTools.UI.Testing/MyPowerTools.UI.Testing.csproj" />
    <Project Path="src/MyPowerTools.WebToolHost/MyPowerTools.WebToolHost.csproj" />
    <Project Path="src/MyPowerTools.WebSurface.Avalonia/MyPowerTools.WebSurface.Avalonia.csproj" />
  </Folder>
  <Folder Name="/tools/">
    <Project Path="tools/adb-forwarder/current-integration/src/AdbForwarder.MyPowerTools/AdbForwarder.MyPowerTools.csproj" />
    <Project Path="tools/adb-forwarder/current-integration/src/AdbForwarder.Surface/AdbForwarder.Surface.csproj" />
    <Project Path="tools/local-lag-cleaner/original-source/src/LocalLagCleaner.Cli/LocalLagCleaner.Cli.csproj" />
    <Project Path="tools/local-lag-cleaner/sdk-tool/src/LocalLagCleaner.Core/LocalLagCleaner.Core.csproj" />
    <Project Path="tools/local-lag-cleaner/sdk-tool/src/LocalLagCleaner.Runtime/LocalLagCleaner.Runtime.csproj" />
    <Project Path="tools/local-lag-cleaner/sdk-tool/src/LocalLagCleaner.Tool/LocalLagCleaner.Tool.csproj" />
    <Project Path="tools/nssm-manager/sdk-tool/src/NssmManager.Contracts/NssmManager.Contracts.csproj" />
    <Project Path="tools/nssm-manager/sdk-tool/src/NssmManager.Compatibility/NssmManager.Compatibility.csproj" />
    <Project Path="tools/nssm-manager/sdk-tool/src/NssmManager.Windows/NssmManager.Windows.csproj" />
    <Project Path="tools/nssm-manager/sdk-tool/src/NssmManager.Supervisor/NssmManager.Supervisor.csproj" />
    <Project Path="tools/nssm-manager/sdk-tool/src/NssmManager.Executable/NssmManager.Executable.csproj" />
    <Project Path="tools/nssm-manager/sdk-tool/src/NssmManager.Runtime/NssmManager.Runtime.csproj" />
    <Project Path="tools/nssm-manager/sdk-tool/src/NssmManager.Tool/NssmManager.Tool.csproj" />
    <Project Path="tools/nssm-manager/sdk-tool/tests/NssmManager.Tests/NssmManager.Tests.csproj" />
    <Project Path="tools/paste-image/current-integration/src/PasteImage.MyPowerTools/PasteImage.MyPowerTools.csproj" />
    <Project Path="tools/paste-image/current-integration/src/PasteImage.Surface/PasteImage.Surface.csproj" />
    <Project Path="tools/input-monitor/current-integration/src/InputMonitor.Core/InputMonitor.Core.csproj" />
    <Project Path="tools/input-monitor/current-integration/src/InputMonitor.MyPowerTools/InputMonitor.MyPowerTools.csproj" />
    <Project Path="tools/input-monitor/current-integration/src/InputMonitor.Surface/InputMonitor.Surface.csproj" />
    <Project Path="tools/doubao-computer-use/current-integration/src/DoubaoAgent.MyPowerTools/DoubaoAgent.MyPowerTools.csproj" />
    <Project Path="tools/doubao-computer-use/current-integration/src/DoubaoAgent.Surface/DoubaoAgent.Surface.csproj" />
    <Project Path="tools/remote-notifications/current-integration/src/AndroidTools.MyPowerTools/AndroidTools.MyPowerTools.csproj" />
    <Project Path="tools/remote-notifications/current-integration/src/AndroidTools.Runtime/AndroidTools.Runtime.csproj" />
    <Project Path="tools/remote-notifications/current-integration/src/RemoteNotifications.Surface/RemoteNotifications.Surface.csproj" />
    <Project Path="tools/screenease/current-integration/src/ScreenEase.MyPowerTools/ScreenEase.MyPowerTools.csproj" />
    <Project Path="tools/screenease/current-integration/src/ScreenEase.Service/ScreenEase.Service.csproj" />
    <Project Path="tools/screenease/current-integration/src/ScreenEase.Surface/ScreenEase.Surface.csproj" />
    <Project Path="tools/smartbird-thermostat/current-integration/src/SmartBird.Surface/SmartBird.Surface.csproj" />
    <Project Path="tools/smartbird-thermostat/current-integration/src/SmartBirdThermostat.MyPowerTools/SmartBirdThermostat.MyPowerTools.csproj" />
  </Folder>
  <Folder Name="/tests/">
    <Project Path="tests/architecture-gate/ArchitectureGate.csproj" />
    <Project Path="tests/fixtures/test-service-unit/TestServiceUnit.csproj" />
  </Folder>
</Solution>
